
Microsoft Visual Studio Solution File, Format Version 12.00
# Visual Studio Version 17
VisualStudioVersion = 17.13.35825.156 d17.13
MinimumVisualStudioVersion = 10.0.40219.1
Project("{FAE04EC0-301F-11D3-BF4B-00C04F79EFBC}") = "InfoPanel.MetYr", "InfoPanel.MetYr\InfoPanel.MetYr.csproj", "{71C3BE3C-6B9F-4A6B-BAA1-CF4508DC38A3}"
EndProject
Global
	GlobalSection(SolutionConfigurationPlatforms) = preSolution
		Debug|Any CPU = Debug|Any CPU
		Release|Any CPU = Release|Any CPU
	EndGlobalSection
	GlobalSection(ProjectConfigurationPlatforms) = postSolution
		{71C3BE3C-6B9F-4A6B-BAA1-CF4508DC38A3}.Debug|Any CPU.ActiveCfg = Debug|Any CPU
		{71C3BE3C-6B9F-4A6B-BAA1-CF4508DC38A3}.Debug|Any CPU.Build.0 = Debug|Any CPU
		{71C3BE3C-6B9F-4A6B-BAA1-CF4508DC38A3}.Release|Any CPU.ActiveCfg = Release|Any CPU
		{71C3BE3C-6B9F-4A6B-BAA1-CF4508DC38A3}.Release|Any CPU.Build.0 = Release|Any CPU
	EndGlobalSection
	GlobalSection(SolutionProperties) = preSolution
		HideSolutionNode = FALSE
	EndGlobalSection
	GlobalSection(ExtensibilityGlobals) = postSolution
		SolutionGuid = {0A50CD57-3152-4ECC-87B7-68B5304AEFFF}
	EndGlobalSection
EndGlobal
